
Microsoft Visual Studio Solution File, Format Version 12.00
# Visual Studio Version 17
VisualStudioVersion = 17.5.33424.131
MinimumVisualStudioVersion = 10.0.40219.1
Project("{FAE04EC0-301F-11D3-BF4B-00C04F79EFBC}") = "SayiBulmaOyunu", "SayiBulmaOyunu\SayiBulmaOyunu.csproj", "{FE7BC54E-D1AE-4488-81E9-953072E72516}"
EndProject
Global
	GlobalSection(SolutionConfigurationPlatforms) = preSolution
		Debug|Any CPU = Debug|Any CPU
		Release|Any CPU = Release|Any CPU
	EndGlobalSection
	GlobalSection(ProjectConfigurationPlatforms) = postSolution
		{FE7BC54E-D1AE-4488-81E9-953072E72516}.Debug|Any CPU.ActiveCfg = Debug|Any CPU
		{FE7BC54E-D1AE-4488-81E9-953072E72516}.Debug|Any CPU.Build.0 = Debug|Any CPU
		{FE7BC54E-D1AE-4488-81E9-953072E72516}.Release|Any CPU.ActiveCfg = Release|Any CPU
		{FE7BC54E-D1AE-4488-81E9-953072E72516}.Release|Any CPU.Build.0 = Release|Any CPU
	EndGlobalSection
	GlobalSection(SolutionProperties) = preSolution
		HideSolutionNode = FALSE
	EndGlobalSection
	GlobalSection(ExtensibilityGlobals) = postSolution
		SolutionGuid = {5D0DE344-0C3E-48BE-91CA-44C6F7E219D9}
	EndGlobalSection
EndGlobal
